
Microsoft Visual Studio Solution File, Format Version 12.00
# Visual Studio Version 17
VisualStudioVersion = 17.2.32602.215
MinimumVisualStudioVersion = 10.0.40219.1
Project("{2150E333-8FDC-42A3-9474-1A3956D46DE8}") = "Core", "Core", "{13919EB1-C4C1-49FD-8233-8F0462F3E810}"
EndProject
Project("{2150E333-8FDC-42A3-9474-1A3956D46DE8}") = "Web", "Web", "{E06C4CD8-EA3B-47C2-9EF7-86A8F7286B7A}"
EndProject
Project("{2150E333-8FDC-42A3-9474-1A3956D46DE8}") = "Providers", "Providers", "{00B8FEE5-5C84-4853-80CB-7C54424B4FD5}"
EndProject
Project("{2150E333-8FDC-42A3-9474-1A3956D46DE8}") = "Shared", "Shared", "{9C216C06-ED09-4CB3-8AEF-425F002675EA}"
EndProject
Project("{9A19103F-16F7-4668-BE54-9A1E7A4F7556}") = "FinLib.DataLayer", "Core\FinLib.DataLayer\FinLib.DataLayer.csproj", "{1F1B9E2A-46B2-4297-B831-CC4F0B0C2B44}"
EndProject
Project("{9A19103F-16F7-4668-BE54-9A1E7A4F7556}") = "FinLib.DomainClasses", "Core\FinLib.DomainClasses\FinLib.DomainClasses.csproj", "{B6CCAAF9-C835-401A-9BF3-9C796A90C153}"
EndProject
Project("{9A19103F-16F7-4668-BE54-9A1E7A4F7556}") = "FinLib.Mappings", "Core\FinLib.Mappings\FinLib.Mappings.csproj", "{463FC26E-EA8B-4242-BADB-B03109DDC99D}"
EndProject
Project("{9A19103F-16F7-4668-BE54-9A1E7A4F7556}") = "FinLib.Models", "Core\FinLib.Models\FinLib.Models.csproj", "{FB2B2886-1161-40AE-81B2-5BED8D6491A6}"
EndProject
Project("{9A19103F-16F7-4668-BE54-9A1E7A4F7556}") = "FinLib.Services", "Core\FinLib.Services\FinLib.Services.csproj", "{2A47E278-3BC7-4318-9092-555DB8B9FD4E}"
EndProject
Project("{9A19103F-16F7-4668-BE54-9A1E7A4F7556}") = "FinLib.Providers.Configuration", "Providers\FinLib.Providers.Configuration\FinLib.Providers.Configuration.csproj", "{DE7209CD-D2C2-4B9D-88E9-C3373BD4F052}"
EndProject
Project("{9A19103F-16F7-4668-BE54-9A1E7A4F7556}") = "FinLib.Providers.Logging", "Providers\FinLib.Providers.Logging\FinLib.Providers.Logging.csproj", "{2A3D2949-DBCD-4D78-BF30-CCC7B763C18A}"
EndProject
Project("{9A19103F-16F7-4668-BE54-9A1E7A4F7556}") = "FinLib.Common", "Shared\FinLib.Common\FinLib.Common.csproj", "{9C669A4B-3E5E-4F74-B6EF-7D82F22F4D39}"
EndProject
Project("{9A19103F-16F7-4668-BE54-9A1E7A4F7556}") = "FinLib.Web", "Web\FinLib.Web\FinLib.Web.csproj", "{00B4C1B7-3D52-46B4-A288-25B485D213B5}"
EndProject
Project("{9A19103F-16F7-4668-BE54-9A1E7A4F7556}") = "FinLib.Web.Api", "Web\FinLib.Web.Api\FinLib.Web.Api.csproj", "{A24890C2-2615-4988-B996-6A210B1929BD}"
EndProject
Project("{9A19103F-16F7-4668-BE54-9A1E7A4F7556}") = "FinLib.Web.Shared", "Web\FinLib.Web.Shared\FinLib.Web.Shared.csproj", "{B374CBE9-1CF8-4252-AD0B-7E132C3495E3}"
EndProject
Project("{9A19103F-16F7-4668-BE54-9A1E7A4F7556}") = "FinLib.Providers.Database", "Providers\FinLib.Providers.Database\FinLib.Providers.Database.csproj", "{467BD3DB-D8C8-466C-8BCD-9FF31CE0B3DD}"
EndProject
Project("{9A19103F-16F7-4668-BE54-9A1E7A4F7556}") = "FinLib.Providers.Identity", "Providers\FinLib.Providers.Identity\FinLib.Providers.Identity.csproj", "{5583C3F8-815F-4AE7-B815-34CCE5688D3A}"
EndProject
Global
	GlobalSection(SolutionConfigurationPlatforms) = preSolution
		Debug|Any CPU = Debug|Any CPU
		Release|Any CPU = Release|Any CPU
	EndGlobalSection
	GlobalSection(ProjectConfigurationPlatforms) = postSolution
		{1F1B9E2A-46B2-4297-B831-CC4F0B0C2B44}.Debug|Any CPU.ActiveCfg = Debug|Any CPU
		{1F1B9E2A-46B2-4297-B831-CC4F0B0C2B44}.Debug|Any CPU.Build.0 = Debug|Any CPU
		{1F1B9E2A-46B2-4297-B831-CC4F0B0C2B44}.Release|Any CPU.ActiveCfg = Release|Any CPU
		{1F1B9E2A-46B2-4297-B831-CC4F0B0C2B44}.Release|Any CPU.Build.0 = Release|Any CPU
		{B6CCAAF9-C835-401A-9BF3-9C796A90C153}.Debug|Any CPU.ActiveCfg = Debug|Any CPU
		{B6CCAAF9-C835-401A-9BF3-9C796A90C153}.Debug|Any CPU.Build.0 = Debug|Any CPU
		{B6CCAAF9-C835-401A-9BF3-9C796A90C153}.Release|Any CPU.ActiveCfg = Release|Any CPU
		{B6CCAAF9-C835-401A-9BF3-9C796A90C153}.Release|Any CPU.Build.0 = Release|Any CPU
		{463FC26E-EA8B-4242-BADB-B03109DDC99D}.Debug|Any CPU.ActiveCfg = Debug|Any CPU
		{463FC26E-EA8B-4242-BADB-B03109DDC99D}.Debug|Any CPU.Build.0 = Debug|Any CPU
		{463FC26E-EA8B-4242-BADB-B03109DDC99D}.Release|Any CPU.ActiveCfg = Release|Any CPU
		{463FC26E-EA8B-4242-BADB-B03109DDC99D}.Release|Any CPU.Build.0 = Release|Any CPU
		{FB2B2886-1161-40AE-81B2-5BED8D6491A6}.Debug|Any CPU.ActiveCfg = Debug|Any CPU
		{FB2B2886-1161-40AE-81B2-5BED8D6491A6}.Debug|Any CPU.Build.0 = Debug|Any CPU
		{FB2B2886-1161-40AE-81B2-5BED8D6491A6}.Release|Any CPU.ActiveCfg = Release|Any CPU
		{FB2B2886-1161-40AE-81B2-5BED8D6491A6}.Release|Any CPU.Build.0 = Release|Any CPU
		{2A47E278-3BC7-4318-9092-555DB8B9FD4E}.Debug|Any CPU.ActiveCfg = Debug|Any CPU
		{2A47E278-3BC7-4318-9092-555DB8B9FD4E}.Debug|Any CPU.Build.0 = Debug|Any CPU
		{2A47E278-3BC7-4318-9092-555DB8B9FD4E}.Release|Any CPU.ActiveCfg = Release|Any CPU
		{2A47E278-3BC7-4318-9092-555DB8B9FD4E}.Release|Any CPU.Build.0 = Release|Any CPU
		{DE7209CD-D2C2-4B9D-88E9-C3373BD4F052}.Debug|Any CPU.ActiveCfg = Debug|Any CPU
		{DE7209CD-D2C2-4B9D-88E9-C3373BD4F052}.Debug|Any CPU.Build.0 = Debug|Any CPU
		{DE7209CD-D2C2-4B9D-88E9-C3373BD4F052}.Release|Any CPU.ActiveCfg = Release|Any CPU
		{DE7209CD-D2C2-4B9D-88E9-C3373BD4F052}.Release|Any CPU.Build.0 = Release|Any CPU
		{2A3D2949-DBCD-4D78-BF30-CCC7B763C18A}.Debug|Any CPU.ActiveCfg = Debug|Any CPU
		{2A3D2949-DBCD-4D78-BF30-CCC7B763C18A}.Debug|Any CPU.Build.0 = Debug|Any CPU
		{2A3D2949-DBCD-4D78-BF30-CCC7B763C18A}.Release|Any CPU.ActiveCfg = Release|Any CPU
		{2A3D2949-DBCD-4D78-BF30-CCC7B763C18A}.Release|Any CPU.Build.0 = Release|Any CPU
		{9C669A4B-3E5E-4F74-B6EF-7D82F22F4D39}.Debug|Any CPU.ActiveCfg = Debug|Any CPU
		{9C669A4B-3E5E-4F74-B6EF-7D82F22F4D39}.Debug|Any CPU.Build.0 = Debug|Any CPU
		{9C669A4B-3E5E-4F74-B6EF-7D82F22F4D39}.Release|Any CPU.ActiveCfg = Release|Any CPU
		{9C669A4B-3E5E-4F74-B6EF-7D82F22F4D39}.Release|Any CPU.Build.0 = Release|Any CPU
		{00B4C1B7-3D52-46B4-A288-25B485D213B5}.Debug|Any CPU.ActiveCfg = Debug|Any CPU
		{00B4C1B7-3D52-46B4-A288-25B485D213B5}.Debug|Any CPU.Build.0 = Debug|Any CPU
		{00B4C1B7-3D52-46B4-A288-25B485D213B5}.Release|Any CPU.ActiveCfg = Release|Any CPU
		{00B4C1B7-3D52-46B4-A288-25B485D213B5}.Release|Any CPU.Build.0 = Release|Any CPU
		{A24890C2-2615-4988-B996-6A210B1929BD}.Debug|Any CPU.ActiveCfg = Debug|Any CPU
		{A24890C2-2615-4988-B996-6A210B1929BD}.Debug|Any CPU.Build.0 = Debug|Any CPU
		{A24890C2-2615-4988-B996-6A210B1929BD}.Release|Any CPU.ActiveCfg = Release|Any CPU
		{A24890C2-2615-4988-B996-6A210B1929BD}.Release|Any CPU.Build.0 = Release|Any CPU
		{B374CBE9-1CF8-4252-AD0B-7E132C3495E3}.Debug|Any CPU.ActiveCfg = Debug|Any CPU
		{B374CBE9-1CF8-4252-AD0B-7E132C3495E3}.Debug|Any CPU.Build.0 = Debug|Any CPU
		{B374CBE9-1CF8-4252-AD0B-7E132C3495E3}.Release|Any CPU.ActiveCfg = Release|Any CPU
		{B374CBE9-1CF8-4252-AD0B-7E132C3495E3}.Release|Any CPU.Build.0 = Release|Any CPU
		{467BD3DB-D8C8-466C-8BCD-9FF31CE0B3DD}.Debug|Any CPU.ActiveCfg = Debug|Any CPU
		{467BD3DB-D8C8-466C-8BCD-9FF31CE0B3DD}.Debug|Any CPU.Build.0 = Debug|Any CPU
		{467BD3DB-D8C8-466C-8BCD-9FF31CE0B3DD}.Release|Any CPU.ActiveCfg = Release|Any CPU
		{467BD3DB-D8C8-466C-8BCD-9FF31CE0B3DD}.Release|Any CPU.Build.0 = Release|Any CPU
		{5583C3F8-815F-4AE7-B815-34CCE5688D3A}.Debug|Any CPU.ActiveCfg = Debug|Any CPU
		{5583C3F8-815F-4AE7-B815-34CCE5688D3A}.Debug|Any CPU.Build.0 = Debug|Any CPU
		{5583C3F8-815F-4AE7-B815-34CCE5688D3A}.Release|Any CPU.ActiveCfg = Release|Any CPU
		{5583C3F8-815F-4AE7-B815-34CCE5688D3A}.Release|Any CPU.Build.0 = Release|Any CPU
	EndGlobalSection
	GlobalSection(SolutionProperties) = preSolution
		HideSolutionNode = FALSE
	EndGlobalSection
	GlobalSection(NestedProjects) = preSolution
		{1F1B9E2A-46B2-4297-B831-CC4F0B0C2B44} = {13919EB1-C4C1-49FD-8233-8F0462F3E810}
		{B6CCAAF9-C835-401A-9BF3-9C796A90C153} = {13919EB1-C4C1-49FD-8233-8F0462F3E810}
		{463FC26E-EA8B-4242-BADB-B03109DDC99D} = {13919EB1-C4C1-49FD-8233-8F0462F3E810}
		{FB2B2886-1161-40AE-81B2-5BED8D6491A6} = {13919EB1-C4C1-49FD-8233-8F0462F3E810}
		{2A47E278-3BC7-4318-9092-555DB8B9FD4E} = {13919EB1-C4C1-49FD-8233-8F0462F3E810}
		{DE7209CD-D2C2-4B9D-88E9-C3373BD4F052} = {00B8FEE5-5C84-4853-80CB-7C54424B4FD5}
		{2A3D2949-DBCD-4D78-BF30-CCC7B763C18A} = {00B8FEE5-5C84-4853-80CB-7C54424B4FD5}
		{9C669A4B-3E5E-4F74-B6EF-7D82F22F4D39} = {9C216C06-ED09-4CB3-8AEF-425F002675EA}
		{00B4C1B7-3D52-46B4-A288-25B485D213B5} = {E06C4CD8-EA3B-47C2-9EF7-86A8F7286B7A}
		{A24890C2-2615-4988-B996-6A210B1929BD} = {E06C4CD8-EA3B-47C2-9EF7-86A8F7286B7A}
		{B374CBE9-1CF8-4252-AD0B-7E132C3495E3} = {E06C4CD8-EA3B-47C2-9EF7-86A8F7286B7A}
		{467BD3DB-D8C8-466C-8BCD-9FF31CE0B3DD} = {00B8FEE5-5C84-4853-80CB-7C54424B4FD5}
		{5583C3F8-815F-4AE7-B815-34CCE5688D3A} = {00B8FEE5-5C84-4853-80CB-7C54424B4FD5}
	EndGlobalSection
	GlobalSection(ExtensibilityGlobals) = postSolution
		SolutionGuid = {2B17F9DC-030F-4557-B187-56031253ACE3}
	EndGlobalSection
EndGlobal
